
Microsoft Visual Studio Solution File, Format Version 12.00
# Visual Studio Version 18
VisualStudioVersion = 18.3.11218.70
MinimumVisualStudioVersion = 10.0.40219.1
Project("{2150E333-8FDC-42A3-9474-1A3956D46DE8}") = "docs", "docs", "{FF793758-567A-43B6-A7EF-CDC6BDBD320E}"
	ProjectSection(SolutionItems) = preProject
		docs\axis-overview.md = docs\axis-overview.md
		docs\canonical-spec.md = docs\canonical-spec.md
		docs\charter.md = docs\charter.md
		developer.csv = developer.csv
		docs\README.md = docs\README.md
	EndProjectSection
EndProject
Project("{2150E333-8FDC-42A3-9474-1A3956D46DE8}") = "Solution", "Solution", "{0605B37B-0A42-4EEE-A421-0CC61070A162}"
	ProjectSection(SolutionItems) = preProject
		.gitignore = .gitignore
		LICENSE = LICENSE
		README.md = README.md
	EndProjectSection
EndProject
Project("{2150E333-8FDC-42A3-9474-1A3956D46DE8}") = "GitHub Actions", "GitHub Actions", "{C559B160-30EF-405D-A7E0-FE64F2B88A4C}"
	ProjectSection(SolutionItems) = preProject
		.github\workflows\ci.yml = .github\workflows\ci.yml
	EndProjectSection
EndProject
Project("{2150E333-8FDC-42A3-9474-1A3956D46DE8}") = "src", "src", "{827E0CD3-B72D-47B6-A68D-7590B98EB39B}"
EndProject
Project("{FAE04EC0-301F-11D3-BF4B-00C04F79EFBC}") = "Zentient.Core", "src\Zentient.Core\Zentient.Core.csproj", "{D7D0ED92-AEAC-404D-8445-87032309F94D}"
EndProject
Project("{FAE04EC0-301F-11D3-BF4B-00C04F79EFBC}") = "Zentient.Core.Tests", "tests\Zentient.Core.Tests\Zentient.Core.Tests.csproj", "{42832E7E-363A-127C-27DB-8FA972AAE1F5}"
EndProject
Global
	GlobalSection(SolutionConfigurationPlatforms) = preSolution
		Debug|Any CPU = Debug|Any CPU
		Debug|x64 = Debug|x64
		Debug|x86 = Debug|x86
		Release|Any CPU = Release|Any CPU
		Release|x64 = Release|x64
		Release|x86 = Release|x86
	EndGlobalSection
	GlobalSection(ProjectConfigurationPlatforms) = postSolution
		{D7D0ED92-AEAC-404D-8445-87032309F94D}.Debug|Any CPU.ActiveCfg = Debug|Any CPU
		{D7D0ED92-AEAC-404D-8445-87032309F94D}.Debug|Any CPU.Build.0 = Debug|Any CPU
		{D7D0ED92-AEAC-404D-8445-87032309F94D}.Debug|x64.ActiveCfg = Debug|Any CPU
		{D7D0ED92-AEAC-404D-8445-87032309F94D}.Debug|x64.Build.0 = Debug|Any CPU
		{D7D0ED92-AEAC-404D-8445-87032309F94D}.Debug|x86.ActiveCfg = Debug|Any CPU
		{D7D0ED92-AEAC-404D-8445-87032309F94D}.Debug|x86.Build.0 = Debug|Any CPU
		{D7D0ED92-AEAC-404D-8445-87032309F94D}.Release|Any CPU.ActiveCfg = Release|Any CPU
		{D7D0ED92-AEAC-404D-8445-87032309F94D}.Release|Any CPU.Build.0 = Release|Any CPU
		{D7D0ED92-AEAC-404D-8445-87032309F94D}.Release|x64.ActiveCfg = Release|Any CPU
		{D7D0ED92-AEAC-404D-8445-87032309F94D}.Release|x64.Build.0 = Release|Any CPU
		{D7D0ED92-AEAC-404D-8445-87032309F94D}.Release|x86.ActiveCfg = Release|Any CPU
		{D7D0ED92-AEAC-404D-8445-87032309F94D}.Release|x86.Build.0 = Release|Any CPU
		{42832E7E-363A-127C-27DB-8FA972AAE1F5}.Debug|Any CPU.ActiveCfg = Debug|Any CPU
		{42832E7E-363A-127C-27DB-8FA972AAE1F5}.Debug|Any CPU.Build.0 = Debug|Any CPU
		{42832E7E-363A-127C-27DB-8FA972AAE1F5}.Debug|x64.ActiveCfg = Debug|Any CPU
		{42832E7E-363A-127C-27DB-8FA972AAE1F5}.Debug|x64.Build.0 = Debug|Any CPU
		{42832E7E-363A-127C-27DB-8FA972AAE1F5}.Debug|x86.ActiveCfg = Debug|Any CPU
		{42832E7E-363A-127C-27DB-8FA972AAE1F5}.Debug|x86.Build.0 = Debug|Any CPU
		{42832E7E-363A-127C-27DB-8FA972AAE1F5}.Release|Any CPU.ActiveCfg = Release|Any CPU
		{42832E7E-363A-127C-27DB-8FA972AAE1F5}.Release|Any CPU.Build.0 = Release|Any CPU
		{42832E7E-363A-127C-27DB-8FA972AAE1F5}.Release|x64.ActiveCfg = Release|Any CPU
		{42832E7E-363A-127C-27DB-8FA972AAE1F5}.Release|x64.Build.0 = Release|Any CPU
		{42832E7E-363A-127C-27DB-8FA972AAE1F5}.Release|x86.ActiveCfg = Release|Any CPU
		{42832E7E-363A-127C-27DB-8FA972AAE1F5}.Release|x86.Build.0 = Release|Any CPU
	EndGlobalSection
	GlobalSection(SolutionProperties) = preSolution
		HideSolutionNode = FALSE
	EndGlobalSection
	GlobalSection(NestedProjects) = preSolution
		{D7D0ED92-AEAC-404D-8445-87032309F94D} = {827E0CD3-B72D-47B6-A68D-7590B98EB39B}
	EndGlobalSection
	GlobalSection(ExtensibilityGlobals) = postSolution
		SolutionGuid = {97FD2C9F-B89D-4500-90A2-1C1D2CBC5363}
	EndGlobalSection
EndGlobal
